{
    "version": 3,
    "terraform_version": "0.9.4",
    "serial": 17,
    "lineage": "8502bd4c-e88d-4e15-846b-b9c21163b610",
    "modules": [
        {
            "path": [
                "root"
            ],
            "outputs": {},
            "resources": {},
            "depends_on": []
        },
        {
            "path": [
                "root",
                "experience"
            ],
            "outputs": {},
            "resources": {
                "aws_s3_bucket_object.object": {
                    "type": "aws_s3_bucket_object",
                    "depends_on": [
                        "data.terraform_remote_state.cv_state"
                    ],
                    "primary": {
                        "id": "profile/app-bundle.js",
                        "attributes": {
                            "acl": "private",
                            "bucket": "www.marktranter.com",
                            "cache_control": "",
                            "content_disposition": "",
                            "content_encoding": "",
                            "content_language": "",
                            "content_type": "application/javascript",
                            "etag": "5de0271f6678ed0f41f8b7329c0fadcf",
                            "id": "profile/app-bundle.js",
                            "key": "profile/app-bundle.js",
                            "server_side_encryption": "",
                            "source": "/home/mark/projects/cv-overkill/src/profile/deploy/../src/ui/dist/app-bundle.js",
                            "storage_class": "STANDARD",
                            "tags.%": "0",
                            "version_id": ""
                        },
                        "meta": {},
                        "tainted": false
                    },
                    "deposed": [],
                    "provider": ""
                },
                "data.terraform_remote_state.cv_state": {
                    "type": "terraform_remote_state",
                    "depends_on": [],
                    "primary": {
                        "id": "2017-05-11 14:49:58.60087699 +0000 UTC",
                        "attributes": {
                            "backend": "s3",
                            "config.%": "3",
                            "config.bucket": "cv-overkill-tf-state",
                            "config.key": "aws-infrastructure",
                            "config.region": "eu-west-1",
                            "ecs_cluster_id": "arn:aws:ecs:eu-west-1:277618971297:cluster/cv-ecs-cluster",
                            "ecs_service_role_arn": "arn:aws:iam::277618971297:role/ecs_service_role",
                            "environment": "default",
                            "id": "2017-05-11 14:49:58.60087699 +0000 UTC",
                            "listener_http_arn": "arn:aws:elasticloadbalancing:eu-west-1:277618971297:listener/app/ecs-alb/92f87688f253041d/2f75d022514cd1f4",
                            "load_balancer_arn": "arn:aws:elasticloadbalancing:eu-west-1:277618971297:loadbalancer/app/ecs-alb/92f87688f253041d",
                            "load_balancer_id": "arn:aws:elasticloadbalancing:eu-west-1:277618971297:loadbalancer/app/ecs-alb/92f87688f253041d",
                            "security_group_id": "sg-f537728c",
                            "vpc_id": "vpc-233bc744",
                            "website_bucket_id": "www.marktranter.com"
                        },
                        "meta": {},
                        "tainted": false
                    },
                    "deposed": [],
                    "provider": ""
                }
            },
            "depends_on": []
        }
    ]
}
