{
    "version": 3,
    "terraform_version": "0.9.5",
    "serial": 33,
    "lineage": "8502bd4c-e88d-4e15-846b-b9c21163b610",
    "modules": [
        {
            "path": [
                "root"
            ],
            "outputs": {},
            "resources": {
                "aws_dynamodb_table.profile_table": {
                    "type": "aws_dynamodb_table",
                    "depends_on": [],
                    "primary": {
                        "id": "cv_overkill_profile",
                        "attributes": {
                            "arn": "arn:aws:dynamodb:eu-west-1:277618971297:table/cv_overkill_profile",
                            "attribute.#": "1",
                            "attribute.3206617783.name": "Name",
                            "attribute.3206617783.type": "S",
                            "global_secondary_index.#": "0",
                            "hash_key": "Name",
                            "id": "cv_overkill_profile",
                            "local_secondary_index.#": "0",
                            "name": "cv_overkill_profile",
                            "read_capacity": "1",
                            "write_capacity": "1"
                        },
                        "meta": {
                            "schema_version": "1"
                        },
                        "tainted": false
                    },
                    "deposed": [],
                    "provider": ""
                },
                "aws_iam_policy.read_profile_policy": {
                    "type": "aws_iam_policy",
                    "depends_on": [
                        "aws_dynamodb_table.profile_table"
                    ],
                    "primary": {
                        "id": "arn:aws:iam::277618971297:policy/test_policy",
                        "attributes": {
                            "arn": "arn:aws:iam::277618971297:policy/test_policy",
                            "description": "My test policy",
                            "id": "arn:aws:iam::277618971297:policy/test_policy",
                            "name": "test_policy",
                            "path": "/",
                            "policy": "{\n    \"Version\": \"2012-10-17\",\n    \"Statement\": [\n        {\n            \"Sid\": \"ReadOnlyAPIActionsOnProfile\",\n            \"Effect\": \"Allow\",\n            \"Action\": [\n                \"dynamodb:GetItem\",\n                \"dynamodb:Scan\",\n                \"dynamodb:BatchGetItem\"\n            ],\n            \"Resource\": \"arn:aws:dynamodb:eu-west-1:277618971297:table/cv_overkill_profile\"\n        }\n    ]\n  }\n"
                        },
                        "meta": {},
                        "tainted": false
                    },
                    "deposed": [],
                    "provider": ""
                },
                "aws_iam_role_policy_attachment.auth_dynamo_attach": {
                    "type": "aws_iam_role_policy_attachment",
                    "depends_on": [
                        "aws_iam_policy.read_profile_policy"
                    ],
                    "primary": {
                        "id": "cv_overkill_auth_role-004f5fdd95c2c6533c42c29d58",
                        "attributes": {
                            "id": "cv_overkill_auth_role-004f5fdd95c2c6533c42c29d58",
                            "policy_arn": "arn:aws:iam::277618971297:policy/test_policy",
                            "role": "cv_overkill_auth_role"
                        },
                        "meta": {},
                        "tainted": false
                    },
                    "deposed": [],
                    "provider": ""
                },
                "aws_iam_role_policy_attachment.unauth_dynamo_attach": {
                    "type": "aws_iam_role_policy_attachment",
                    "depends_on": [
                        "aws_iam_policy.read_profile_policy"
                    ],
                    "primary": {
                        "id": "cv_overkill_unauth_role-004f5fdd95c2c6533c42c29d59",
                        "attributes": {
                            "id": "cv_overkill_unauth_role-004f5fdd95c2c6533c42c29d59",
                            "policy_arn": "arn:aws:iam::277618971297:policy/test_policy",
                            "role": "cv_overkill_unauth_role"
                        },
                        "meta": {},
                        "tainted": false
                    },
                    "deposed": [],
                    "provider": ""
                }
            },
            "depends_on": []
        },
        {
            "path": [
                "root",
                "experience"
            ],
            "outputs": {},
            "resources": {
                "aws_s3_bucket_object.object.0": {
                    "type": "aws_s3_bucket_object",
                    "depends_on": [
                        "data.terraform_remote_state.cv_state"
                    ],
                    "primary": {
                        "id": "profile/app-bundle.js",
                        "attributes": {
                            "acl": "private",
                            "bucket": "www.marktranter.com",
                            "cache_control": "",
                            "content_disposition": "",
                            "content_encoding": "",
                            "content_language": "",
                            "content_type": "application/javascript",
                            "etag": "af56c4c16b623e46fd4f2e353866378a",
                            "id": "profile/app-bundle.js",
                            "key": "profile/app-bundle.js",
                            "server_side_encryption": "",
                            "source": "/home/mark/projects/cv-overkill/src/profile/deploy/../src/ui/dist/app-bundle.js",
                            "storage_class": "STANDARD",
                            "tags.%": "0",
                            "version_id": ""
                        },
                        "meta": {},
                        "tainted": false
                    },
                    "deposed": [],
                    "provider": ""
                },
                "aws_s3_bucket_object.object.1": {
                    "type": "aws_s3_bucket_object",
                    "depends_on": [
                        "data.terraform_remote_state.cv_state"
                    ],
                    "primary": {
                        "id": "profile/assets/MeBolivia_Trunc.jpg",
                        "attributes": {
                            "acl": "private",
                            "bucket": "www.marktranter.com",
                            "cache_control": "",
                            "content_disposition": "",
                            "content_encoding": "",
                            "content_language": "",
                            "content_type": "image/jpeg",
                            "etag": "5f896cb74b9a499b8b7b630079b9525b",
                            "id": "profile/assets/MeBolivia_Trunc.jpg",
                            "key": "profile/assets/MeBolivia_Trunc.jpg",
                            "server_side_encryption": "",
                            "source": "/home/mark/projects/cv-overkill/src/profile/deploy/../src/ui/dist/assets/MeBolivia_Trunc.jpg",
                            "storage_class": "STANDARD",
                            "tags.%": "0",
                            "version_id": ""
                        },
                        "meta": {},
                        "tainted": false
                    },
                    "deposed": [],
                    "provider": ""
                },
                "data.terraform_remote_state.cv_state": {
                    "type": "terraform_remote_state",
                    "depends_on": [],
                    "primary": {
                        "id": "2017-05-13 16:28:19.590261676 +0000 UTC",
                        "attributes": {
                            "backend": "s3",
                            "config.%": "3",
                            "config.bucket": "cv-overkill-tf-state",
                            "config.key": "aws-infrastructure",
                            "config.region": "eu-west-1",
                            "ecs_cluster_id": "arn:aws:ecs:eu-west-1:277618971297:cluster/cv-ecs-cluster",
                            "ecs_service_role_arn": "arn:aws:iam::277618971297:role/ecs_service_role",
                            "environment": "default",
                            "id": "2017-05-13 16:28:19.590261676 +0000 UTC",
                            "listener_http_arn": "arn:aws:elasticloadbalancing:eu-west-1:277618971297:listener/app/ecs-alb/92f87688f253041d/2f75d022514cd1f4",
                            "load_balancer_arn": "arn:aws:elasticloadbalancing:eu-west-1:277618971297:loadbalancer/app/ecs-alb/92f87688f253041d",
                            "load_balancer_id": "arn:aws:elasticloadbalancing:eu-west-1:277618971297:loadbalancer/app/ecs-alb/92f87688f253041d",
                            "security_group_id": "sg-f537728c",
                            "vpc_id": "vpc-233bc744",
                            "website_bucket_id": "www.marktranter.com"
                        },
                        "meta": {},
                        "tainted": false
                    },
                    "deposed": [],
                    "provider": ""
                }
            },
            "depends_on": []
        }
    ]
}
